// !$*UTF8*$!
{
	archiveVersion = 1;
	classes = {
	};
	objectVersion = 56;
	objects = {

/* Begin PBXBuildFile section */
		8B2B21FC2C96F79E00A7441B /* ListView.swift in Sources */ = {isa = PBXBuildFile; fileRef = 8B2B21FB2C96F79E00A7441B /* ListView.swift */; };
		8B2B22002C96FAEA00A7441B /* ChartView.swift in Sources */ = {isa = PBXBuildFile; fileRef = 8B2B21FF2C96FAEA00A7441B /* ChartView.swift */; };
		8B2B22022C96FD7E00A7441B /* LineChart.swift in Sources */ = {isa = PBXBuildFile; fileRef = 8B2B22012C96FD7E00A7441B /* LineChart.swift */; };
		8B2B22042C96FECD00A7441B /* PieChart.swift in Sources */ = {isa = PBXBuildFile; fileRef = 8B2B22032C96FECD00A7441B /* PieChart.swift */; };
		8B2B22062C97CE1000A7441B /* StackedBarChart.swift in Sources */ = {isa = PBXBuildFile; fileRef = 8B2B22052C97CE1000A7441B /* StackedBarChart.swift */; };
		8B2B22082C97CE3700A7441B /* OneDBarChart.swift in Sources */ = {isa = PBXBuildFile; fileRef = 8B2B22072C97CE3700A7441B /* OneDBarChart.swift */; };
		8B2B220E2C97D6D300A7441B /* IntervalBarChart.swift in Sources */ = {isa = PBXBuildFile; fileRef = 8B2B220D2C97D6D300A7441B /* IntervalBarChart.swift */; };
		8B2B22102C97D70600A7441B /* Job.swift in Sources */ = {isa = PBXBuildFile; fileRef = 8B2B220F2C97D70600A7441B /* Job.swift */; };
		8B2B22122C97DD5200A7441B /* GroupedBarChart.swift in Sources */ = {isa = PBXBuildFile; fileRef = 8B2B22112C97DD5200A7441B /* GroupedBarChart.swift */; };
		8B2B22152C97FE2A00A7441B /* DoubleLineChart.swift in Sources */ = {isa = PBXBuildFile; fileRef = 8B2B22142C97FE2A00A7441B /* DoubleLineChart.swift */; };
		8B2B221A2C980B9700A7441B /* DonutChart.swift in Sources */ = {isa = PBXBuildFile; fileRef = 8B2B22192C980B9700A7441B /* DonutChart.swift */; };
		8B2B221C2C9814C400A7441B /* CombinationChart.swift in Sources */ = {isa = PBXBuildFile; fileRef = 8B2B221B2C9814C400A7441B /* CombinationChart.swift */; };
		8B2B221E2C98155600A7441B /* MonthlyRainfallAndTemperature.swift in Sources */ = {isa = PBXBuildFile; fileRef = 8B2B221D2C98155600A7441B /* MonthlyRainfallAndTemperature.swift */; };
		8B7F249D2CA0708800D88902 /* MonthlyHoursOfTwoCitySunshine.swift in Sources */ = {isa = PBXBuildFile; fileRef = 8B7F249C2CA0708800D88902 /* MonthlyHoursOfTwoCitySunshine.swift */; };
		8BCE9D7B2C93D28E004D804D /* ChartsDemoApp.swift in Sources */ = {isa = PBXBuildFile; fileRef = 8BCE9D7A2C93D28E004D804D /* ChartsDemoApp.swift */; };
		8BCE9D7F2C93D290004D804D /* Assets.xcassets in Resources */ = {isa = PBXBuildFile; fileRef = 8BCE9D7E2C93D290004D804D /* Assets.xcassets */; };
		8BCE9D822C93D290004D804D /* Preview Assets.xcassets in Resources */ = {isa = PBXBuildFile; fileRef = 8BCE9D812C93D290004D804D /* Preview Assets.xcassets */; };
		8BCE9E192C9409A2004D804D /* ToyShape.swift in Sources */ = {isa = PBXBuildFile; fileRef = 8BCE9E182C9409A2004D804D /* ToyShape.swift */; };
		8BCE9E1D2C957DF5004D804D /* BarChart.swift in Sources */ = {isa = PBXBuildFile; fileRef = 8BCE9E1C2C957DF5004D804D /* BarChart.swift */; };
		8BEA37D82CA06B87003A97BA /* ZoomableChart.swift in Sources */ = {isa = PBXBuildFile; fileRef = 8BEA37D72CA06B87003A97BA /* ZoomableChart.swift */; };
/* End PBXBuildFile section */

/* Begin PBXFileReference section */
		8B2B21FB2C96F79E00A7441B /* ListView.swift */ = {isa = PBXFileReference; lastKnownFileType = sourcecode.swift; path = ListView.swift; sourceTree = "<group>"; };
		8B2B21FF2C96FAEA00A7441B /* ChartView.swift */ = {isa = PBXFileReference; lastKnownFileType = sourcecode.swift; path = ChartView.swift; sourceTree = "<group>"; };
		8B2B22012C96FD7E00A7441B /* LineChart.swift */ = {isa = PBXFileReference; lastKnownFileType = sourcecode.swift; path = LineChart.swift; sourceTree = "<group>"; };
		8B2B22032C96FECD00A7441B /* PieChart.swift */ = {isa = PBXFileReference; lastKnownFileType = sourcecode.swift; path = PieChart.swift; sourceTree = "<group>"; };
		8B2B22052C97CE1000A7441B /* StackedBarChart.swift */ = {isa = PBXFileReference; lastKnownFileType = sourcecode.swift; path = StackedBarChart.swift; sourceTree = "<group>"; };
		8B2B22072C97CE3700A7441B /* OneDBarChart.swift */ = {isa = PBXFileReference; lastKnownFileType = sourcecode.swift; path = OneDBarChart.swift; sourceTree = "<group>"; };
		8B2B220D2C97D6D300A7441B /* IntervalBarChart.swift */ = {isa = PBXFileReference; lastKnownFileType = sourcecode.swift; path = IntervalBarChart.swift; sourceTree = "<group>"; };
		8B2B220F2C97D70600A7441B /* Job.swift */ = {isa = PBXFileReference; lastKnownFileType = sourcecode.swift; path = Job.swift; sourceTree = "<group>"; };
		8B2B22112C97DD5200A7441B /* GroupedBarChart.swift */ = {isa = PBXFileReference; lastKnownFileType = sourcecode.swift; path = GroupedBarChart.swift; sourceTree = "<group>"; };
		8B2B22142C97FE2A00A7441B /* DoubleLineChart.swift */ = {isa = PBXFileReference; lastKnownFileType = sourcecode.swift; path = DoubleLineChart.swift; sourceTree = "<group>"; };
		8B2B22192C980B9700A7441B /* DonutChart.swift */ = {isa = PBXFileReference; lastKnownFileType = sourcecode.swift; path = DonutChart.swift; sourceTree = "<group>"; };
		8B2B221B2C9814C400A7441B /* CombinationChart.swift */ = {isa = PBXFileReference; lastKnownFileType = sourcecode.swift; path = CombinationChart.swift; sourceTree = "<group>"; };
		8B2B221D2C98155600A7441B /* MonthlyRainfallAndTemperature.swift */ = {isa = PBXFileReference; lastKnownFileType = sourcecode.swift; path = MonthlyRainfallAndTemperature.swift; sourceTree = "<group>"; };
		8B7F249C2CA0708800D88902 /* MonthlyHoursOfTwoCitySunshine.swift */ = {isa = PBXFileReference; lastKnownFileType = sourcecode.swift; path = MonthlyHoursOfTwoCitySunshine.swift; sourceTree = "<group>"; };
		8BCE9D772C93D28E004D804D /* ChartsDemo.app */ = {isa = PBXFileReference; explicitFileType = wrapper.application; includeInIndex = 0; path = ChartsDemo.app; sourceTree = BUILT_PRODUCTS_DIR; };
		8BCE9D7A2C93D28E004D804D /* ChartsDemoApp.swift */ = {isa = PBXFileReference; lastKnownFileType = sourcecode.swift; path = ChartsDemoApp.swift; sourceTree = "<group>"; };
		8BCE9D7E2C93D290004D804D /* Assets.xcassets */ = {isa = PBXFileReference; lastKnownFileType = folder.assetcatalog; path = Assets.xcassets; sourceTree = "<group>"; };
		8BCE9D812C93D290004D804D /* Preview Assets.xcassets */ = {isa = PBXFileReference; lastKnownFileType = folder.assetcatalog; path = "Preview Assets.xcassets"; sourceTree = "<group>"; };
		8BCE9E182C9409A2004D804D /* ToyShape.swift */ = {isa = PBXFileReference; lastKnownFileType = sourcecode.swift; path = ToyShape.swift; sourceTree = "<group>"; };
		8BCE9E1C2C957DF5004D804D /* BarChart.swift */ = {isa = PBXFileReference; lastKnownFileType = sourcecode.swift; path = BarChart.swift; sourceTree = "<group>"; };
		8BEA37D72CA06B87003A97BA /* ZoomableChart.swift */ = {isa = PBXFileReference; lastKnownFileType = sourcecode.swift; path = ZoomableChart.swift; sourceTree = "<group>"; };
/* End PBXFileReference section */

/* Begin PBXFrameworksBuildPhase section */
		8BCE9D742C93D28E004D804D /* Frameworks */ = {
			isa = PBXFrameworksBuildPhase;
			buildActionMask = 2147483647;
			files = (
			);
			runOnlyForDeploymentPostprocessing = 0;
		};
/* End PBXFrameworksBuildPhase section */

/* Begin PBXGroup section */
		8B2B220B2C97CF6500A7441B /* Model */ = {
			isa = PBXGroup;
			children = (
				8BCE9E182C9409A2004D804D /* ToyShape.swift */,
				8B2B220F2C97D70600A7441B /* Job.swift */,
				8B2B221D2C98155600A7441B /* MonthlyRainfallAndTemperature.swift */,
				8B7F249C2CA0708800D88902 /* MonthlyHoursOfTwoCitySunshine.swift */,
			);
			path = Model;
			sourceTree = "<group>";
		};
		8B2B220C2C97CFA800A7441B /* BarCharts */ = {
			isa = PBXGroup;
			children = (
				8BCE9E1C2C957DF5004D804D /* BarChart.swift */,
				8B2B22052C97CE1000A7441B /* StackedBarChart.swift */,
				8B2B22112C97DD5200A7441B /* GroupedBarChart.swift */,
				8B2B22072C97CE3700A7441B /* OneDBarChart.swift */,
				8B2B220D2C97D6D300A7441B /* IntervalBarChart.swift */,
			);
			path = BarCharts;
			sourceTree = "<group>";
		};
		8B2B22132C97DE9000A7441B /* LineCharts */ = {
			isa = PBXGroup;
			children = (
				8B2B22012C96FD7E00A7441B /* LineChart.swift */,
				8B2B22142C97FE2A00A7441B /* DoubleLineChart.swift */,
			);
			path = LineCharts;
			sourceTree = "<group>";
		};
		8B2B22162C980A2500A7441B /* PieCharts */ = {
			isa = PBXGroup;
			children = (
				8B2B22032C96FECD00A7441B /* PieChart.swift */,
				8B2B22192C980B9700A7441B /* DonutChart.swift */,
			);
			path = PieCharts;
			sourceTree = "<group>";
		};
		8B2B221F2C981B9300A7441B /* Others */ = {
			isa = PBXGroup;
			children = (
				8B2B221B2C9814C400A7441B /* CombinationChart.swift */,
				8BEA37D72CA06B87003A97BA /* ZoomableChart.swift */,
			);
			path = Others;
			sourceTree = "<group>";
		};
		8BCE9D6E2C93D28E004D804D = {
			isa = PBXGroup;
			children = (
				8BCE9D792C93D28E004D804D /* ChartsDemo */,
				8BCE9D782C93D28E004D804D /* Products */,
			);
			sourceTree = "<group>";
		};
		8BCE9D782C93D28E004D804D /* Products */ = {
			isa = PBXGroup;
			children = (
				8BCE9D772C93D28E004D804D /* ChartsDemo.app */,
			);
			name = Products;
			sourceTree = "<group>";
		};
		8BCE9D792C93D28E004D804D /* ChartsDemo */ = {
			isa = PBXGroup;
			children = (
				8BCE9D7A2C93D28E004D804D /* ChartsDemoApp.swift */,
				8B2B21FB2C96F79E00A7441B /* ListView.swift */,
				8B2B21FF2C96FAEA00A7441B /* ChartView.swift */,
				8B2B220B2C97CF6500A7441B /* Model */,
				8B2B220C2C97CFA800A7441B /* BarCharts */,
				8B2B22132C97DE9000A7441B /* LineCharts */,
				8B2B22162C980A2500A7441B /* PieCharts */,
				8B2B221F2C981B9300A7441B /* Others */,
				8BCE9D7E2C93D290004D804D /* Assets.xcassets */,
				8BCE9D802C93D290004D804D /* Preview Content */,
			);
			path = ChartsDemo;
			sourceTree = "<group>";
		};
		8BCE9D802C93D290004D804D /* Preview Content */ = {
			isa = PBXGroup;
			children = (
				8BCE9D812C93D290004D804D /* Preview Assets.xcassets */,
			);
			path = "Preview Content";
			sourceTree = "<group>";
		};
/* End PBXGroup section */

/* Begin PBXNativeTarget section */
		8BCE9D762C93D28E004D804D /* ChartsDemo */ = {
			isa = PBXNativeTarget;
			buildConfigurationList = 8BCE9D852C93D290004D804D /* Build configuration list for PBXNativeTarget "ChartsDemo" */;
			buildPhases = (
				8BCE9D732C93D28E004D804D /* Sources */,
				8BCE9D742C93D28E004D804D /* Frameworks */,
				8BCE9D752C93D28E004D804D /* Resources */,
			);
			buildRules = (
			);
			dependencies = (
			);
			name = ChartsDemo;
			productName = ChartsDemo;
			productReference = 8BCE9D772C93D28E004D804D /* ChartsDemo.app */;
			productType = "com.apple.product-type.application";
		};
/* End PBXNativeTarget section */

/* Begin PBXProject section */
		8BCE9D6F2C93D28E004D804D /* Project object */ = {
			isa = PBXProject;
			attributes = {
				BuildIndependentTargetsInParallel = 1;
				LastSwiftUpdateCheck = 1540;
				LastUpgradeCheck = 1540;
				TargetAttributes = {
					8BCE9D762C93D28E004D804D = {
						CreatedOnToolsVersion = 15.4;
					};
				};
			};
			buildConfigurationList = 8BCE9D722C93D28E004D804D /* Build configuration list for PBXProject "ChartsDemo" */;
			compatibilityVersion = "Xcode 14.0";
			developmentRegion = en;
			hasScannedForEncodings = 0;
			knownRegions = (
				en,
				Base,
			);
			mainGroup = 8BCE9D6E2C93D28E004D804D;
			productRefGroup = 8BCE9D782C93D28E004D804D /* Products */;
			projectDirPath = "";
			projectRoot = "";
			targets = (
				8BCE9D762C93D28E004D804D /* ChartsDemo */,
			);
		};
/* End PBXProject section */

/* Begin PBXResourcesBuildPhase section */
		8BCE9D752C93D28E004D804D /* Resources */ = {
			isa = PBXResourcesBuildPhase;
			buildActionMask = 2147483647;
			files = (
				8BCE9D822C93D290004D804D /* Preview Assets.xcassets in Resources */,
				8BCE9D7F2C93D290004D804D /* Assets.xcassets in Resources */,
			);
			runOnlyForDeploymentPostprocessing = 0;
		};
/* End PBXResourcesBuildPhase section */

/* Begin PBXSourcesBuildPhase section */
		8BCE9D732C93D28E004D804D /* Sources */ = {
			isa = PBXSourcesBuildPhase;
			buildActionMask = 2147483647;
			files = (
				8B2B221A2C980B9700A7441B /* DonutChart.swift in Sources */,
				8B2B22082C97CE3700A7441B /* OneDBarChart.swift in Sources */,
				8B2B220E2C97D6D300A7441B /* IntervalBarChart.swift in Sources */,
				8B2B22042C96FECD00A7441B /* PieChart.swift in Sources */,
				8B2B221E2C98155600A7441B /* MonthlyRainfallAndTemperature.swift in Sources */,
				8B2B21FC2C96F79E00A7441B /* ListView.swift in Sources */,
				8BCE9D7B2C93D28E004D804D /* ChartsDemoApp.swift in Sources */,
				8B7F249D2CA0708800D88902 /* MonthlyHoursOfTwoCitySunshine.swift in Sources */,
				8B2B221C2C9814C400A7441B /* CombinationChart.swift in Sources */,
				8B2B22122C97DD5200A7441B /* GroupedBarChart.swift in Sources */,
				8BCE9E1D2C957DF5004D804D /* BarChart.swift in Sources */,
				8B2B22022C96FD7E00A7441B /* LineChart.swift in Sources */,
				8B2B22102C97D70600A7441B /* Job.swift in Sources */,
				8BEA37D82CA06B87003A97BA /* ZoomableChart.swift in Sources */,
				8BCE9E192C9409A2004D804D /* ToyShape.swift in Sources */,
				8B2B22152C97FE2A00A7441B /* DoubleLineChart.swift in Sources */,
				8B2B22002C96FAEA00A7441B /* ChartView.swift in Sources */,
				8B2B22062C97CE1000A7441B /* StackedBarChart.swift in Sources */,
			);
			runOnlyForDeploymentPostprocessing = 0;
		};
/* End PBXSourcesBuildPhase section */

/* Begin XCBuildConfiguration section */
		8BCE9D832C93D290004D804D /* Debug */ = {
			isa = XCBuildConfiguration;
			buildSettings = {
				ALWAYS_SEARCH_USER_PATHS = NO;
				ASSETCATALOG_COMPILER_GENERATE_SWIFT_ASSET_SYMBOL_EXTENSIONS = YES;
				CLANG_ANALYZER_NONNULL = YES;
				CLANG_ANALYZER_NUMBER_OBJECT_CONVERSION = YES_AGGRESSIVE;
				CLANG_CXX_LANGUAGE_STANDARD = "gnu++20";
				CLANG_ENABLE_MODULES = YES;
				CLANG_ENABLE_OBJC_ARC = YES;
				CLANG_ENABLE_OBJC_WEAK = YES;
				CLANG_WARN_BLOCK_CAPTURE_AUTORELEASING = YES;
				CLANG_WARN_BOOL_CONVERSION = YES;
				CLANG_WARN_COMMA = YES;
				CLANG_WARN_CONSTANT_CONVERSION = YES;
				CLANG_WARN_DEPRECATED_OBJC_IMPLEMENTATIONS = YES;
				CLANG_WARN_DIRECT_OBJC_ISA_USAGE = YES_ERROR;
				CLANG_WARN_DOCUMENTATION_COMMENTS = YES;
				CLANG_WARN_EMPTY_BODY = YES;
				CLANG_WARN_ENUM_CONVERSION = YES;
				CLANG_WARN_INFINITE_RECURSION = YES;
				CLANG_WARN_INT_CONVERSION = YES;
				CLANG_WARN_NON_LITERAL_NULL_CONVERSION = YES;
				CLANG_WARN_OBJC_IMPLICIT_RETAIN_SELF = YES;
				CLANG_WARN_OBJC_LITERAL_CONVERSION = YES;
				CLANG_WARN_OBJC_ROOT_CLASS = YES_ERROR;
				CLANG_WARN_QUOTED_INCLUDE_IN_FRAMEWORK_HEADER = YES;
				CLANG_WARN_RANGE_LOOP_ANALYSIS = YES;
				CLANG_WARN_STRICT_PROTOTYPES = YES;
				CLANG_WARN_SUSPICIOUS_MOVE = YES;
				CLANG_WARN_UNGUARDED_AVAILABILITY = YES_AGGRESSIVE;
				CLANG_WARN_UNREACHABLE_CODE = YES;
				CLANG_WARN__DUPLICATE_METHOD_MATCH = YES;
				COPY_PHASE_STRIP = NO;
				DEBUG_INFORMATION_FORMAT = dwarf;
				ENABLE_STRICT_OBJC_MSGSEND = YES;
				ENABLE_TESTABILITY = YES;
				ENABLE_USER_SCRIPT_SANDBOXING = YES;
				GCC_C_LANGUAGE_STANDARD = gnu17;
				GCC_DYNAMIC_NO_PIC = NO;
				GCC_NO_COMMON_BLOCKS = YES;
				GCC_OPTIMIZATION_LEVEL = 0;
				GCC_PREPROCESSOR_DEFINITIONS = (
					"DEBUG=1",
					"$(inherited)",
				);
				GCC_WARN_64_TO_32_BIT_CONVERSION = YES;
				GCC_WARN_ABOUT_RETURN_TYPE = YES_ERROR;
				GCC_WARN_UNDECLARED_SELECTOR = YES;
				GCC_WARN_UNINITIALIZED_AUTOS = YES_AGGRESSIVE;
				GCC_WARN_UNUSED_FUNCTION = YES;
				GCC_WARN_UNUSED_VARIABLE = YES;
				IPHONEOS_DEPLOYMENT_TARGET = 17.5;
				LOCALIZATION_PREFERS_STRING_CATALOGS = YES;
				MTL_ENABLE_DEBUG_INFO = INCLUDE_SOURCE;
				MTL_FAST_MATH = YES;
				ONLY_ACTIVE_ARCH = YES;
				SDKROOT = iphoneos;
				SWIFT_ACTIVE_COMPILATION_CONDITIONS = "DEBUG $(inherited)";
				SWIFT_OPTIMIZATION_LEVEL = "-Onone";
			};
			name = Debug;
		};
		8BCE9D842C93D290004D804D /* Release */ = {
			isa = XCBuildConfiguration;
			buildSettings = {
				ALWAYS_SEARCH_USER_PATHS = NO;
				ASSETCATALOG_COMPILER_GENERATE_SWIFT_ASSET_SYMBOL_EXTENSIONS = YES;
				CLANG_ANALYZER_NONNULL = YES;
				CLANG_ANALYZER_NUMBER_OBJECT_CONVERSION = YES_AGGRESSIVE;
				CLANG_CXX_LANGUAGE_STANDARD = "gnu++20";
				CLANG_ENABLE_MODULES = YES;
				CLANG_ENABLE_OBJC_ARC = YES;
				CLANG_ENABLE_OBJC_WEAK = YES;
				CLANG_WARN_BLOCK_CAPTURE_AUTORELEASING = YES;
				CLANG_WARN_BOOL_CONVERSION = YES;
				CLANG_WARN_COMMA = YES;
				CLANG_WARN_CONSTANT_CONVERSION = YES;
				CLANG_WARN_DEPRECATED_OBJC_IMPLEMENTATIONS = YES;
				CLANG_WARN_DIRECT_OBJC_ISA_USAGE = YES_ERROR;
				CLANG_WARN_DOCUMENTATION_COMMENTS = YES;
				CLANG_WARN_EMPTY_BODY = YES;
				CLANG_WARN_ENUM_CONVERSION = YES;
				CLANG_WARN_INFINITE_RECURSION = YES;
				CLANG_WARN_INT_CONVERSION = YES;
				CLANG_WARN_NON_LITERAL_NULL_CONVERSION = YES;
				CLANG_WARN_OBJC_IMPLICIT_RETAIN_SELF = YES;
				CLANG_WARN_OBJC_LITERAL_CONVERSION = YES;
				CLANG_WARN_OBJC_ROOT_CLASS = YES_ERROR;
				CLANG_WARN_QUOTED_INCLUDE_IN_FRAMEWORK_HEADER = YES;
				CLANG_WARN_RANGE_LOOP_ANALYSIS = YES;
				CLANG_WARN_STRICT_PROTOTYPES = YES;
				CLANG_WARN_SUSPICIOUS_MOVE = YES;
				CLANG_WARN_UNGUARDED_AVAILABILITY = YES_AGGRESSIVE;
				CLANG_WARN_UNREACHABLE_CODE = YES;
				CLANG_WARN__DUPLICATE_METHOD_MATCH = YES;
				COPY_PHASE_STRIP = NO;
				DEBUG_INFORMATION_FORMAT = "dwarf-with-dsym";
				ENABLE_NS_ASSERTIONS = NO;
				ENABLE_STRICT_OBJC_MSGSEND = YES;
				ENABLE_USER_SCRIPT_SANDBOXING = YES;
				GCC_C_LANGUAGE_STANDARD = gnu17;
				GCC_NO_COMMON_BLOCKS = YES;
				GCC_WARN_64_TO_32_BIT_CONVERSION = YES;
				GCC_WARN_ABOUT_RETURN_TYPE = YES_ERROR;
				GCC_WARN_UNDECLARED_SELECTOR = YES;
				GCC_WARN_UNINITIALIZED_AUTOS = YES_AGGRESSIVE;
				GCC_WARN_UNUSED_FUNCTION = YES;
				GCC_WARN_UNUSED_VARIABLE = YES;
				IPHONEOS_DEPLOYMENT_TARGET = 17.5;
				LOCALIZATION_PREFERS_STRING_CATALOGS = YES;
				MTL_ENABLE_DEBUG_INFO = NO;
				MTL_FAST_MATH = YES;
				SDKROOT = iphoneos;
				SWIFT_COMPILATION_MODE = wholemodule;
				VALIDATE_PRODUCT = YES;
			};
			name = Release;
		};
		8BCE9D862C93D290004D804D /* Debug */ = {
			isa = XCBuildConfiguration;
			buildSettings = {
				ASSETCATALOG_COMPILER_APPICON_NAME = AppIcon;
				ASSETCATALOG_COMPILER_GLOBAL_ACCENT_COLOR_NAME = AccentColor;
				CODE_SIGN_STYLE = Automatic;
				CURRENT_PROJECT_VERSION = 1;
				DEVELOPMENT_ASSET_PATHS = "\"ChartsDemo/Preview Content\"";
				DEVELOPMENT_TEAM = T4VR973TMF;
				ENABLE_PREVIEWS = YES;
				GENERATE_INFOPLIST_FILE = YES;
				INFOPLIST_KEY_UIApplicationSceneManifest_Generation = YES;
				INFOPLIST_KEY_UIApplicationSupportsIndirectInputEvents = YES;
				INFOPLIST_KEY_UILaunchScreen_Generation = YES;
				INFOPLIST_KEY_UISupportedInterfaceOrientations_iPad = "UIInterfaceOrientationPortrait UIInterfaceOrientationPortraitUpsideDown UIInterfaceOrientationLandscapeLeft UIInterfaceOrientationLandscapeRight";
				INFOPLIST_KEY_UISupportedInterfaceOrientations_iPhone = "UIInterfaceOrientationPortrait UIInterfaceOrientationLandscapeLeft UIInterfaceOrientationLandscapeRight";
				LD_RUNPATH_SEARCH_PATHS = (
					"$(inherited)",
					"@executable_path/Frameworks",
				);
				MARKETING_VERSION = 1.0;
				PRODUCT_BUNDLE_IDENTIFIER = com.minhu.ChartsDemo;
				PRODUCT_NAME = "$(TARGET_NAME)";
				SWIFT_EMIT_LOC_STRINGS = YES;
				SWIFT_VERSION = 5.0;
				TARGETED_DEVICE_FAMILY = "1,2";
			};
			name = Debug;
		};
		8BCE9D872C93D290004D804D /* Release */ = {
			isa = XCBuildConfiguration;
			buildSettings = {
				ASSETCATALOG_COMPILER_APPICON_NAME = AppIcon;
				ASSETCATALOG_COMPILER_GLOBAL_ACCENT_COLOR_NAME = AccentColor;
				CODE_SIGN_STYLE = Automatic;
				CURRENT_PROJECT_VERSION = 1;
				DEVELOPMENT_ASSET_PATHS = "\"ChartsDemo/Preview Content\"";
				DEVELOPMENT_TEAM = T4VR973TMF;
				ENABLE_PREVIEWS = YES;
				GENERATE_INFOPLIST_FILE = YES;
				INFOPLIST_KEY_UIApplicationSceneManifest_Generation = YES;
				INFOPLIST_KEY_UIApplicationSupportsIndirectInputEvents = YES;
				INFOPLIST_KEY_UILaunchScreen_Generation = YES;
				INFOPLIST_KEY_UISupportedInterfaceOrientations_iPad = "UIInterfaceOrientationPortrait UIInterfaceOrientationPortraitUpsideDown UIInterfaceOrientationLandscapeLeft UIInterfaceOrientationLandscapeRight";
				INFOPLIST_KEY_UISupportedInterfaceOrientations_iPhone = "UIInterfaceOrientationPortrait UIInterfaceOrientationLandscapeLeft UIInterfaceOrientationLandscapeRight";
				LD_RUNPATH_SEARCH_PATHS = (
					"$(inherited)",
					"@executable_path/Frameworks",
				);
				MARKETING_VERSION = 1.0;
				PRODUCT_BUNDLE_IDENTIFIER = com.minhu.ChartsDemo;
				PRODUCT_NAME = "$(TARGET_NAME)";
				SWIFT_EMIT_LOC_STRINGS = YES;
				SWIFT_VERSION = 5.0;
				TARGETED_DEVICE_FAMILY = "1,2";
			};
			name = Release;
		};
/* End XCBuildConfiguration section */

/* Begin XCConfigurationList section */
		8BCE9D722C93D28E004D804D /* Build configuration list for PBXProject "ChartsDemo" */ = {
			isa = XCConfigurationList;
			buildConfigurations = (
				8BCE9D832C93D290004D804D /* Debug */,
				8BCE9D842C93D290004D804D /* Release */,
			);
			defaultConfigurationIsVisible = 0;
			defaultConfigurationName = Release;
		};
		8BCE9D852C93D290004D804D /* Build configuration list for PBXNativeTarget "ChartsDemo" */ = {
			isa = XCConfigurationList;
			buildConfigurations = (
				8BCE9D862C93D290004D804D /* Debug */,
				8BCE9D872C93D290004D804D /* Release */,
			);
			defaultConfigurationIsVisible = 0;
			defaultConfigurationName = Release;
		};
/* End XCConfigurationList section */
	};
	rootObject = 8BCE9D6F2C93D28E004D804D /* Project object */;
}
